
Microsoft Visual Studio Solution File, Format Version 12.00
# Visual Studio Version 16
VisualStudioVersion = 16.0.29905.134
MinimumVisualStudioVersion = 10.0.40219.1
Project("{8BC9CEB8-8B4A-11D0-8D11-00A0C91BC942}") = "_7iHttp", "_7iHttp\_7iHttp.vcxproj", "{14CEDA5D-146C-460B-8D32-03C523A357D6}"
EndProject
Global
	GlobalSection(SolutionConfigurationPlatforms) = preSolution
		Debug|x64 = Debug|x64
		Debug|x86 = Debug|x86
		Release|x64 = Release|x64
		Release|x86 = Release|x86
	EndGlobalSection
	GlobalSection(ProjectConfigurationPlatforms) = postSolution
		{14CEDA5D-146C-460B-8D32-03C523A357D6}.Debug|x64.ActiveCfg = Debug|x64
		{14CEDA5D-146C-460B-8D32-03C523A357D6}.Debug|x64.Build.0 = Debug|x64
		{14CEDA5D-146C-460B-8D32-03C523A357D6}.Debug|x86.ActiveCfg = Debug|Win32
		{14CEDA5D-146C-460B-8D32-03C523A357D6}.Debug|x86.Build.0 = Debug|Win32
		{14CEDA5D-146C-460B-8D32-03C523A357D6}.Release|x64.ActiveCfg = Release|x64
		{14CEDA5D-146C-460B-8D32-03C523A357D6}.Release|x64.Build.0 = Release|x64
		{14CEDA5D-146C-460B-8D32-03C523A357D6}.Release|x86.ActiveCfg = Release|Win32
		{14CEDA5D-146C-460B-8D32-03C523A357D6}.Release|x86.Build.0 = Release|Win32
	EndGlobalSection
	GlobalSection(SolutionProperties) = preSolution
		HideSolutionNode = FALSE
	EndGlobalSection
	GlobalSection(ExtensibilityGlobals) = postSolution
		SolutionGuid = {0C9EB233-4722-4B2C-8766-C523597264A1}
	EndGlobalSection
EndGlobal
